
Microsoft Visual Studio Solution File, Format Version 12.00
# Visual Studio Version 16
VisualStudioVersion = 16.0.29411.108
MinimumVisualStudioVersion = 10.0.40219.1
Project("{FAE04EC0-301F-11D3-BF4B-00C04F79EFBC}") = "RabbitMQProducer", "RabbitMQProducer\RabbitMQProducer.csproj", "{BFD35BC0-7513-40D4-AAC1-8D5DD771794E}"
EndProject
Project("{FAE04EC0-301F-11D3-BF4B-00C04F79EFBC}") = "RabbitMQConsumer", "RabbitMQConsumer\RabbitMQConsumer.csproj", "{04CD14C2-A07C-49D2-B067-42BB3B9D178D}"
EndProject
Global
	GlobalSection(SolutionConfigurationPlatforms) = preSolution
		Debug|Any CPU = Debug|Any CPU
		Release|Any CPU = Release|Any CPU
	EndGlobalSection
	GlobalSection(ProjectConfigurationPlatforms) = postSolution
		{BFD35BC0-7513-40D4-AAC1-8D5DD771794E}.Debug|Any CPU.ActiveCfg = Debug|Any CPU
		{BFD35BC0-7513-40D4-AAC1-8D5DD771794E}.Debug|Any CPU.Build.0 = Debug|Any CPU
		{BFD35BC0-7513-40D4-AAC1-8D5DD771794E}.Release|Any CPU.ActiveCfg = Release|Any CPU
		{BFD35BC0-7513-40D4-AAC1-8D5DD771794E}.Release|Any CPU.Build.0 = Release|Any CPU
		{04CD14C2-A07C-49D2-B067-42BB3B9D178D}.Debug|Any CPU.ActiveCfg = Debug|Any CPU
		{04CD14C2-A07C-49D2-B067-42BB3B9D178D}.Debug|Any CPU.Build.0 = Debug|Any CPU
		{04CD14C2-A07C-49D2-B067-42BB3B9D178D}.Release|Any CPU.ActiveCfg = Release|Any CPU
		{04CD14C2-A07C-49D2-B067-42BB3B9D178D}.Release|Any CPU.Build.0 = Release|Any CPU
	EndGlobalSection
	GlobalSection(SolutionProperties) = preSolution
		HideSolutionNode = FALSE
	EndGlobalSection
	GlobalSection(ExtensibilityGlobals) = postSolution
		SolutionGuid = {12EBED50-A2FA-4FF6-8BC6-CB35D0BBDEE3}
	EndGlobalSection
EndGlobal
